{
  "name": "slivapack",
  "version": "0.1.0",
  "lockfileVersion": 3,
  "requires": true,
  "packages": {
    "": {
      "name": "slivapack",
      "version": "0.1.0",
      "workspaces": [
        "apps/*",
        "packages/*"
      ],
      "engines": {
        "node": ">=20.0.0"
      }
    },
    "apps/api": {
      "name": "@slivapack/api",
      "version": "0.1.0"
    },
    "apps/web": {
      "name": "@slivapack/web",
      "version": "0.1.0"
    },
    "node_modules/@slivapack/api": {
      "resolved": "apps/api",
      "link": true
    },
    "node_modules/@slivapack/shared": {
      "resolved": "packages/shared",
      "link": true
    },
    "node_modules/@slivapack/web": {
      "resolved": "apps/web",
      "link": true
    },
    "packages/shared": {
      "name": "@slivapack/shared",
      "version": "0.1.0"
    }
  }
}
